# THIS IS AN AUTOGENERATED FILE. DO NOT EDIT THIS FILE DIRECTLY.
# yarn lockfile v1


autoprefixer@^10.2.3:
  version "10.2.3"
  resolved "https://registry.yarnpkg.com/autoprefixer/-/autoprefixer-10.2.3.tgz#2834b55b75cfc10fa80c66000a66dc94b7136804"
  integrity sha512-vlz+iv+EnLkVaTgX8wApfYzmK3LUfK8Z9XAnmflzxMy/+oFuNK8fVGQV79SOpBv4jxk2YQJimw4hXIKZ29570A==
  dependencies:
    browserslist "^4.16.1"
    caniuse-lite "^1.0.30001178"
    colorette "^1.2.1"
    fraction.js "^4.0.13"
    normalize-range "^0.1.2"
    postcss-value-parser "^4.1.0"

browserslist@^4.16.1:
  version "4.16.1"
  resolved "https://registry.yarnpkg.com/browserslist/-/browserslist-4.16.1.tgz#bf757a2da376b3447b800a16f0f1c96358138766"
  integrity sha512-UXhDrwqsNcpTYJBTZsbGATDxZbiVDsx6UjpmRUmtnP10pr8wAYr5LgFoEFw9ixriQH2mv/NX2SfGzE/o8GndLA==
  dependencies:
    caniuse-lite "^1.0.30001173"
    colorette "^1.2.1"
    electron-to-chromium "^1.3.634"
    escalade "^3.1.1"
    node-releases "^1.1.69"

caniuse-lite@^1.0.30001173, caniuse-lite@^1.0.30001178:
  version "1.0.30001180"
  resolved "https://registry.yarnpkg.com/caniuse-lite/-/caniuse-lite-1.0.30001180.tgz#67abcd6d1edf48fa5e7d1e84091d1d65ab76e33b"
  integrity sha512-n8JVqXuZMVSPKiPiypjFtDTXc4jWIdjxull0f92WLo7e1MSi3uJ3NvveakSh/aCl1QKFAvIz3vIj0v+0K+FrXw==

colorette@^1.2.1:
  version "1.2.1"
  resolved "https://registry.yarnpkg.com/colorette/-/colorette-1.2.1.tgz#4d0b921325c14faf92633086a536db6e89564b1b"
  integrity sha512-puCDz0CzydiSYOrnXpz/PKd69zRrribezjtE9yd4zvytoRc8+RY/KJPvtPFKZS3E3wP6neGyMe0vOTlHO5L3Pw==

electron-to-chromium@^1.3.634:
  version "1.3.647"
  resolved "https://registry.yarnpkg.com/electron-to-chromium/-/electron-to-chromium-1.3.647.tgz#8f1750ab7a5137f1a9a27f8f4ebdf550e08ae10b"
  integrity sha512-Or2Nu8TjkmSywY9hk85K/Y6il28hchlonITz30fkC87qvSNupQl29O12BzDDDTnUFlo6kEIFL2QGSpkZDMxH8g==

escalade@^3.1.1:
  version "3.1.1"
  resolved "https://registry.yarnpkg.com/escalade/-/escalade-3.1.1.tgz#d8cfdc7000965c5a0174b4a82eaa5c0552742e40"
  integrity sha512-k0er2gUkLf8O0zKJiAhmkTnJlTvINGv7ygDNPbeIsX/TJjGJZHuh9B2UxbsaEkmlEo9MfhrSzmhIlhRlI2GXnw==

fraction.js@^4.0.13:
  version "4.0.13"
  resolved "https://registry.yarnpkg.com/fraction.js/-/fraction.js-4.0.13.tgz#3c1c315fa16b35c85fffa95725a36fa729c69dfe"
  integrity sha512-E1fz2Xs9ltlUp+qbiyx9wmt2n9dRzPsS11Jtdb8D2o+cC7wr9xkkKsVKJuBX0ST+LVS+LhLO+SbLJNtfWcJvXA==

nanoid@^3.1.20:
  version "3.1.20"
  resolved "https://registry.yarnpkg.com/nanoid/-/nanoid-3.1.20.tgz#badc263c6b1dcf14b71efaa85f6ab4c1d6cfc788"
  integrity sha512-a1cQNyczgKbLX9jwbS/+d7W8fX/RfgYR7lVWwWOGIPNgK2m0MWvrGF6/m4kk6U3QcFMnZf3RIhL0v2Jgh/0Uxw==

node-releases@^1.1.69:
  version "1.1.70"
  resolved "https://registry.yarnpkg.com/node-releases/-/node-releases-1.1.70.tgz#66e0ed0273aa65666d7fe78febe7634875426a08"
  integrity sha512-Slf2s69+2/uAD79pVVQo8uSiC34+g8GWY8UH2Qtqv34ZfhYrxpYpfzs9Js9d6O0mbDmALuxaTlplnBTnSELcrw==

normalize-range@^0.1.2:
  version "0.1.2"
  resolved "https://registry.yarnpkg.com/normalize-range/-/normalize-range-0.1.2.tgz#2d10c06bdfd312ea9777695a4d28439456b75942"
  integrity sha1-LRDAa9/TEuqXd2laTShDlFa3WUI=

postcss-value-parser@^4.1.0:
  version "4.1.0"
  resolved "https://registry.yarnpkg.com/postcss-value-parser/-/postcss-value-parser-4.1.0.tgz#443f6a20ced6481a2bda4fa8532a6e55d789a2cb"
  integrity sha512-97DXOFbQJhk71ne5/Mt6cOu6yxsSfM0QGQyl0L25Gca4yGWEGJaig7l7gbCX623VqTBNGLRLaVUCnNkcedlRSQ==

postcss@^8.2.4:
  version "8.2.4"
  resolved "https://registry.yarnpkg.com/postcss/-/postcss-8.2.4.tgz#20a98a39cf303d15129c2865a9ec37eda0031d04"
  integrity sha512-kRFftRoExRVXZlwUuay9iC824qmXPcQQVzAjbCCgjpXnkdMCJYBu2gTwAaFBzv8ewND6O8xFb3aELmEkh9zTzg==
  dependencies:
    colorette "^1.2.1"
    nanoid "^3.1.20"
    source-map "^0.6.1"

prettier-plugin-go-template@^0.0.10:
  version "0.0.10"
  resolved "https://registry.yarnpkg.com/prettier-plugin-go-template/-/prettier-plugin-go-template-0.0.10.tgz#0036c4455a24e89a896d6ce8df6c0099e2499048"
  integrity sha512-TaHPqiMK/zfk+YhvKRf/1WZDgQ6ffnlxJZX5rwphqfxBOVEezZQtYistTB348MKrKnnwKpyXZWpMRo0/KCVB+A==

prettier@^2.2.1:
  version "2.2.1"
  resolved "https://registry.yarnpkg.com/prettier/-/prettier-2.2.1.tgz#795a1a78dd52f073da0cd42b21f9c91381923ff5"
  integrity sha512-PqyhM2yCjg/oKkFPtTGUojv7gnZAoG80ttl45O6x2Ug/rMJw4wcc9k6aaf2hibP7BGVCCM33gZoGjyvt9mm16Q==

source-map@^0.6.1:
  version "0.6.1"
  resolved "https://registry.yarnpkg.com/source-map/-/source-map-0.6.1.tgz#74722af32e9614e9c287a8d0bbde48b5e2f1a263"
  integrity sha512-UjgapumWlbMhkBgzT7Ykc5YXUT46F0iKu8SGXq0bcwP5dz/h0Plj6enJqjz1Zbq2l5WaqYnrVbwWOWMyF3F47g==
